
Microsoft Visual Studio Solution File, Format Version 11.00
# Visual Studio 2010
Project("{FAE04EC0-301F-11D3-BF4B-00C04F79EFBC}") = "LoRD", "LoRD\LoRD.csproj", "{F9F98013-9D16-4007-BBD6-CE51F7B1AF20}"
EndProject
Project("{FAE04EC0-301F-11D3-BF4B-00C04F79EFBC}") = "LoRD.Tests", "LoRD.Tests\LoRD.Tests.csproj", "{9D9A3783-1944-4A7B-B3D9-5B1FFE1E58CE}"
EndProject
Project("{FAE04EC0-301F-11D3-BF4B-00C04F79EFBC}") = "LoRD.Model", "LoRD.Model\LoRD.Model.csproj", "{FF2CB331-D190-4E94-8833-6AA3064275D8}"
EndProject
Project("{FAE04EC0-301F-11D3-BF4B-00C04F79EFBC}") = "LoRD.Model.Test", "LoRD.Model.Test\LoRD.Model.Test.csproj", "{DE60810B-795F-4745-B0DE-59E17EDFCB24}"
EndProject
Global
	GlobalSection(SolutionConfigurationPlatforms) = preSolution
		Debug|Any CPU = Debug|Any CPU
		Release|Any CPU = Release|Any CPU
	EndGlobalSection
	GlobalSection(ProjectConfigurationPlatforms) = postSolution
		{9D9A3783-1944-4A7B-B3D9-5B1FFE1E58CE}.Debug|Any CPU.ActiveCfg = Debug|Any CPU
		{9D9A3783-1944-4A7B-B3D9-5B1FFE1E58CE}.Debug|Any CPU.Build.0 = Debug|Any CPU
		{9D9A3783-1944-4A7B-B3D9-5B1FFE1E58CE}.Release|Any CPU.ActiveCfg = Release|Any CPU
		{9D9A3783-1944-4A7B-B3D9-5B1FFE1E58CE}.Release|Any CPU.Build.0 = Release|Any CPU
		{DE60810B-795F-4745-B0DE-59E17EDFCB24}.Debug|Any CPU.ActiveCfg = Debug|Any CPU
		{DE60810B-795F-4745-B0DE-59E17EDFCB24}.Debug|Any CPU.Build.0 = Debug|Any CPU
		{DE60810B-795F-4745-B0DE-59E17EDFCB24}.Release|Any CPU.ActiveCfg = Release|Any CPU
		{DE60810B-795F-4745-B0DE-59E17EDFCB24}.Release|Any CPU.Build.0 = Release|Any CPU
		{F9F98013-9D16-4007-BBD6-CE51F7B1AF20}.Debug|Any CPU.ActiveCfg = Debug|Any CPU
		{F9F98013-9D16-4007-BBD6-CE51F7B1AF20}.Debug|Any CPU.Build.0 = Debug|Any CPU
		{F9F98013-9D16-4007-BBD6-CE51F7B1AF20}.Release|Any CPU.ActiveCfg = Release|Any CPU
		{F9F98013-9D16-4007-BBD6-CE51F7B1AF20}.Release|Any CPU.Build.0 = Release|Any CPU
		{FF2CB331-D190-4E94-8833-6AA3064275D8}.Debug|Any CPU.ActiveCfg = Debug|Any CPU
		{FF2CB331-D190-4E94-8833-6AA3064275D8}.Debug|Any CPU.Build.0 = Debug|Any CPU
		{FF2CB331-D190-4E94-8833-6AA3064275D8}.Release|Any CPU.ActiveCfg = Release|Any CPU
		{FF2CB331-D190-4E94-8833-6AA3064275D8}.Release|Any CPU.Build.0 = Release|Any CPU
	EndGlobalSection
	GlobalSection(MonoDevelopProperties) = preSolution
		StartupItem = LoRD\LoRD.csproj
		Policies = $0
		$0.DotNetNamingPolicy = $1
		$1.DirectoryNamespaceAssociation = None
		$1.ResourceNamePolicy = FileFormatDefault
	EndGlobalSection
EndGlobal
